<?xml version="1.0" encoding="utf-8"?>
<Project ToolsVersion="4.0" xmlns="http://schemas.microsoft.com/developer/msbuild/2003">
  <ItemGroup>
    <Filter Include="Source Files">
      <UniqueIdentifier>{4FC737F1-C7A5-4376-A066-2A32D752A2FF}</UniqueIdentifier>
      <Extensions>cpp;c;cc;cxx;c++;cppm;ixx;def;odl;idl;hpj;bat;asm;asmx</Extensions>
    </Filter>
    <Filter Include="Header Files">
      <UniqueIdentifier>{93995380-89BD-4b04-88EB-625FBE52EBFB}</UniqueIdentifier>
      <Extensions>h;hh;hpp;hxx;h++;hm;inl;inc;ipp;xsd</Extensions>
    </Filter>
    <Filter Include="Resource Files">
      <UniqueIdentifier>{67DA6AB6-F800-4c08-8B7A-83BB121AAD01}</UniqueIdentifier>
      <Extensions>rc;ico;cur;bmp;dlg;rc2;rct;bin;rgs;gif;jpg;jpeg;jpe;resx;tiff;tif;png;wav;mfcribbon-ms</Extensions>
    </Filter>
    <Filter Include="Resource Files\SouthAmerica">
      <UniqueIdentifier>{d1bee676-f095-4037-8d5d-2fb90752006d}</UniqueIdentifier>
    </Filter>
    <Filter Include="Resource Files\Africa">
      <UniqueIdentifier>{c26ab367-099b-4361-85bb-27912bfe6037}</UniqueIdentifier>
    </Filter>
    <Filter Include="Resource Files\Oceania">
      <UniqueIdentifier>{f1301109-0d54-4fa3-988d-8b2f9b14fdb3}</UniqueIdentifier>
    </Filter>
    <Filter Include="Resource Files\Europe">
      <UniqueIdentifier>{370cbf5b-6de7-4b0f-8c7e-148afe32497e}</UniqueIdentifier>
    </Filter>
    <Filter Include="Resource Files\NorthAmerica">
      <UniqueIdentifier>{764933cb-e83a-48c8-b717-3ae50b71fe1a}</UniqueIdentifier>
    </Filter>
    <Filter Include="Resource Files\WorldCupHosts">
      <UniqueIdentifier>{d2bb4765-f184-4e97-9819-1c746dfad0f2}</UniqueIdentifier>
    </Filter>
  </ItemGroup>
  <ItemGroup>
    <ClCompile Include="main.cpp">
      <Filter>Source Files</Filter>
    </ClCompile>
    <ClCompile Include="xmlParser.cpp">
      <Filter>Source Files</Filter>
    </ClCompile>
    <ClCompile Include="team.cpp">
      <Filter>Source Files</Filter>
    </ClCompile>
    <ClCompile Include="league.cpp">
      <Filter>Source Files</Filter>
    </ClCompile>
    <ClCompile Include="tournament.cpp">
      <Filter>Source Files</Filter>
    </ClCompile>
    <ClCompile Include="simulations.cpp">
      <Filter>Source Files</Filter>
    </ClCompile>
    <ClCompile Include="match.cpp">
      <Filter>Source Files</Filter>
    </ClCompile>
    <ClCompile Include="knockoutRound.cpp">
      <Filter>Source Files</Filter>
    </ClCompile>
    <ClCompile Include="jsonParser.cpp">
      <Filter>Source Files</Filter>
    </ClCompile>
  </ItemGroup>
  <ItemGroup>
    <None Include="world_rankings.json">
      <Filter>Resource Files</Filter>
    </None>
  </ItemGroup>
  <ItemGroup>
    <ClInclude Include="team.h">
      <Filter>Header Files</Filter>
    </ClInclude>
    <ClInclude Include="xmlParser.h">
      <Filter>Header Files</Filter>
    </ClInclude>
    <ClInclude Include="league.h">
      <Filter>Header Files</Filter>
    </ClInclude>
    <ClInclude Include="tournament.h">
      <Filter>Header Files</Filter>
    </ClInclude>
    <ClInclude Include="simulations.h">
      <Filter>Header Files</Filter>
    </ClInclude>
    <ClInclude Include="match.h">
      <Filter>Header Files</Filter>
    </ClInclude>
    <ClInclude Include="knockoutRound.h">
      <Filter>Header Files</Filter>
    </ClInclude>
    <ClInclude Include="jsonParser.h">
      <Filter>Header Files</Filter>
    </ClInclude>
  </ItemGroup>
  <ItemGroup>
    <Xsd Include="south_america.xml">
      <Filter>Resource Files\SouthAmerica</Filter>
    </Xsd>
  </ItemGroup>
  <ItemGroup>
    <Xml Include="africa_group_a.xml">
      <Filter>Resource Files\Africa</Filter>
    </Xml>
    <Xml Include="africa_group_b.xml">
      <Filter>Resource Files\Africa</Filter>
    </Xml>
    <Xml Include="africa_group_c.xml">
      <Filter>Resource Files\Africa</Filter>
    </Xml>
    <Xml Include="africa_group_d.xml">
      <Filter>Resource Files\Africa</Filter>
    </Xml>
    <Xml Include="africa_group_e.xml">
      <Filter>Resource Files\Africa</Filter>
    </Xml>
    <Xml Include="africa_group_f.xml">
      <Filter>Resource Files\Africa</Filter>
    </Xml>
    <Xml Include="africa_group_g.xml">
      <Filter>Resource Files\Africa</Filter>
    </Xml>
    <Xml Include="africa_group_h.xml">
      <Filter>Resource Files\Africa</Filter>
    </Xml>
    <Xml Include="africa_group_i.xml">
      <Filter>Resource Files\Africa</Filter>
    </Xml>
    <Xml Include="oceania_group_a.xml">
      <Filter>Resource Files\Oceania</Filter>
    </Xml>
    <Xml Include="oceania_group_b.xml">
      <Filter>Resource Files\Oceania</Filter>
    </Xml>
    <Xml Include="oceania_knockout_round.xml">
      <Filter>Resource Files\Oceania</Filter>
    </Xml>
    <Xml Include="uefa_group_a.xml">
      <Filter>Resource Files\Europe</Filter>
    </Xml>
    <Xml Include="uefa_group_b.xml">
      <Filter>Resource Files\Europe</Filter>
    </Xml>
    <Xml Include="uefa_group_c.xml">
      <Filter>Resource Files\Europe</Filter>
    </Xml>
    <Xml Include="uefa_group_d.xml">
      <Filter>Resource Files\Europe</Filter>
    </Xml>
    <Xml Include="uefa_group_e.xml">
      <Filter>Resource Files\Europe</Filter>
    </Xml>
    <Xml Include="uefa_group_f.xml">
      <Filter>Resource Files\Europe</Filter>
    </Xml>
    <Xml Include="uefa_group_g.xml">
      <Filter>Resource Files\Europe</Filter>
    </Xml>
    <Xml Include="uefa_group_h.xml">
      <Filter>Resource Files\Europe</Filter>
    </Xml>
    <Xml Include="uefa_group_i.xml">
      <Filter>Resource Files\Europe</Filter>
    </Xml>
    <Xml Include="uefa_group_j.xml">
      <Filter>Resource Files\Europe</Filter>
    </Xml>
    <Xml Include="uefa_group_k.xml">
      <Filter>Resource Files\Europe</Filter>
    </Xml>
    <Xml Include="uefa_group_l.xml">
      <Filter>Resource Files\Europe</Filter>
    </Xml>
    <Xml Include="uefa_nations_league_rankings.xml">
      <Filter>Resource Files\Europe</Filter>
    </Xml>
    <Xml Include="north_america_first_round.xml">
      <Filter>Resource Files\NorthAmerica</Filter>
    </Xml>
    <Xml Include="north_america_second_round.xml">
      <Filter>Resource Files\NorthAmerica</Filter>
    </Xml>
    <Xml Include="hosts.xml">
      <Filter>Resource Files\WorldCupHosts</Filter>
    </Xml>
  </ItemGroup>
</Project>